PODS:
  - AFNetworking (2.5.0):
    - AFNetworking/NSURLConnection
    - AFNetworking/NSURLSession
    - AFNetworking/Reachability
    - AFNetworking/Security
    - AFNetworking/Serialization
    - AFNetworking/UIKit
  - AFNetworking/NSURLConnection (2.5.0):
    - AFNetworking/Reachability
    - AFNetworking/Security
    - AFNetworking/Serialization
  - AFNetworking/NSURLSession (2.5.0):
    - AFNetworking/Reachability
    - AFNetworking/Security
    - AFNetworking/Serialization
  - AFNetworking/Reachability (2.5.0)
  - AFNetworking/Security (2.5.0)
  - AFNetworking/Serialization (2.5.0)
  - AFNetworking/UIKit (2.5.0):
    - AFNetworking/NSURLConnection
    - AFNetworking/NSURLSession
  - Dropbox-Sync-API-SDK (2.0.3)
  - FXBlurView (1.5.6)
  - GoogleAnalytics-iOS-SDK (3.0.9)
  - JBChartView (2.8.10)
  - MBProgressHUD (0.9)
  - MSPageViewController (1.0.1)
  - Reachability (3.1.1)
  - REFrostedViewController (2.4.7)
  - SSKeychain (1.2.2)
  - TPKeyboardAvoiding (1.2.4)
  - UAAppReviewManager (0.2.6)

DEPENDENCIES:
  - AFNetworking (~> 2.0)
  - Dropbox-Sync-API-SDK (~> 2.0.3)
  - FXBlurView (~> 1.5.3)
  - GoogleAnalytics-iOS-SDK (~> 3.0.3)
  - JBChartView (~> 2.8.9)
  - MBProgressHUD (~> 0.8)
  - MSPageViewController (~> 1.0.0)
  - Reachability (~> 3.1.1)
  - REFrostedViewController (~> 2.4.2)
  - SSKeychain (~> 1.2.1)
  - TPKeyboardAvoiding (~> 1.2.2)
  - UAAppReviewManager (~> 0.2.1)

SPEC CHECKSUMS:
  AFNetworking: 0f54cb5d16ce38c1b76948faffb8d5fb705021c7
  Dropbox-Sync-API-SDK: 1befdcc7250e5956809620710d9e7a45af400dcd
  FXBlurView: 980bb3a2646234366be3de1bc087ddfc31ac77c5
  GoogleAnalytics-iOS-SDK: d9e198b1f955259a72886769be7377cdfcdb2250
  JBChartView: 50b221ef68d0934f5aea417a369a5b02167848a9
  MBProgressHUD: 2038dbcf3dce73215abed6001657043d53aa79a8
  MSPageViewController: 14496f16df16db1129caabaffa136a51f11961d2
  Reachability: 8e9635e3cb4f98e7f825e51147f677ecc694d0e7
  REFrostedViewController: 08870a24788191339608b80b2bd4fce549858f0d
  SSKeychain: cc48bd3ad24fcd9125adb9e0d23dd50b8bbd08b9
  TPKeyboardAvoiding: 925e1e1912597d1a4956697eec3bd9656552153c
  UAAppReviewManager: f23428de9c9cd242c2ffd899e218ba3620bd0683

COCOAPODS: 0.34.4
